
Microsoft Visual Studio Solution File, Format Version 12.00
# Visual Studio 2015
Project("{FAE04EC0-301F-11D3-BF4B-00C04F79EFBC}") = "ARTEST3", "ARTEST3.csproj", "{8548551B-1045-755C-36C7-521A8D4C2736}"
EndProject
Global
	GlobalSection(SolutionConfigurationPlatforms) = preSolution
		Debug|Any CPU = Debug|Any CPU
		Release|Any CPU = Release|Any CPU
	EndGlobalSection
	GlobalSection(ProjectConfigurationPlatforms) = postSolution
		{8548551B-1045-755C-36C7-521A8D4C2736}.Debug|Any CPU.ActiveCfg = Debug|Any CPU
		{8548551B-1045-755C-36C7-521A8D4C2736}.Debug|Any CPU.Build.0 = Debug|Any CPU
		{8548551B-1045-755C-36C7-521A8D4C2736}.Release|Any CPU.ActiveCfg = Release|Any CPU
		{8548551B-1045-755C-36C7-521A8D4C2736}.Release|Any CPU.Build.0 = Release|Any CPU
	EndGlobalSection
	GlobalSection(SolutionProperties) = preSolution
		HideSolutionNode = FALSE
	EndGlobalSection
EndGlobal
